
Microsoft Visual Studio Solution File, Format Version 12.00
# Visual Studio 15
VisualStudioVersion = 15.0.28307.421
MinimumVisualStudioVersion = 10.0.40219.1
Project("{FAE04EC0-301F-11D3-BF4B-00C04F79EFBC}") = "Talk", "Talk.csproj", "{5311D088-FEE1-4B9B-96FE-DE1151F67062}"
EndProject
Project("{FAE04EC0-301F-11D3-BF4B-00C04F79EFBC}") = "MyServer", "..\MyServer\MyServer.csproj", "{233227BD-BF2E-4CB2-B96E-6C4043533C93}"
EndProject
Project("{FAE04EC0-301F-11D3-BF4B-00C04F79EFBC}") = "MyClient", "MyClient\MyClient.csproj", "{9CB1148A-B376-461F-9E70-CCD1623FF5C5}"
EndProject
Global
	GlobalSection(SolutionConfigurationPlatforms) = preSolution
		Debug|Any CPU = Debug|Any CPU
		Release|Any CPU = Release|Any CPU
	EndGlobalSection
	GlobalSection(ProjectConfigurationPlatforms) = postSolution
		{5311D088-FEE1-4B9B-96FE-DE1151F67062}.Debug|Any CPU.ActiveCfg = Debug|Any CPU
		{5311D088-FEE1-4B9B-96FE-DE1151F67062}.Debug|Any CPU.Build.0 = Debug|Any CPU
		{5311D088-FEE1-4B9B-96FE-DE1151F67062}.Release|Any CPU.ActiveCfg = Release|Any CPU
		{5311D088-FEE1-4B9B-96FE-DE1151F67062}.Release|Any CPU.Build.0 = Release|Any CPU
		{233227BD-BF2E-4CB2-B96E-6C4043533C93}.Debug|Any CPU.ActiveCfg = Debug|Any CPU
		{233227BD-BF2E-4CB2-B96E-6C4043533C93}.Debug|Any CPU.Build.0 = Debug|Any CPU
		{233227BD-BF2E-4CB2-B96E-6C4043533C93}.Release|Any CPU.ActiveCfg = Release|Any CPU
		{233227BD-BF2E-4CB2-B96E-6C4043533C93}.Release|Any CPU.Build.0 = Release|Any CPU
		{9CB1148A-B376-461F-9E70-CCD1623FF5C5}.Debug|Any CPU.ActiveCfg = Debug|Any CPU
		{9CB1148A-B376-461F-9E70-CCD1623FF5C5}.Debug|Any CPU.Build.0 = Debug|Any CPU
		{9CB1148A-B376-461F-9E70-CCD1623FF5C5}.Release|Any CPU.ActiveCfg = Release|Any CPU
		{9CB1148A-B376-461F-9E70-CCD1623FF5C5}.Release|Any CPU.Build.0 = Release|Any CPU
	EndGlobalSection
	GlobalSection(SolutionProperties) = preSolution
		HideSolutionNode = FALSE
	EndGlobalSection
	GlobalSection(ExtensibilityGlobals) = postSolution
		SolutionGuid = {A4CAB3EB-320D-4111-872B-362191AAC7E9}
	EndGlobalSection
EndGlobal
